
Microsoft Visual Studio Solution File, Format Version 12.00
# Visual Studio Version 17
VisualStudioVersion = 17.2.32602.215
MinimumVisualStudioVersion = 10.0.40219.1
Project("{FAE04EC0-301F-11D3-BF4B-00C04F79EFBC}") = "ccc.ConsoleApp", "ccc.ConsoleApp\ccc.ConsoleApp.csproj", "{761CC740-B35A-4373-A255-403A8051228A}"
EndProject
Global
	GlobalSection(SolutionConfigurationPlatforms) = preSolution
		Debug|Any CPU = Debug|Any CPU
		Release|Any CPU = Release|Any CPU
	EndGlobalSection
	GlobalSection(ProjectConfigurationPlatforms) = postSolution
		{761CC740-B35A-4373-A255-403A8051228A}.Debug|Any CPU.ActiveCfg = Debug|Any CPU
		{761CC740-B35A-4373-A255-403A8051228A}.Debug|Any CPU.Build.0 = Debug|Any CPU
		{761CC740-B35A-4373-A255-403A8051228A}.Release|Any CPU.ActiveCfg = Release|Any CPU
		{761CC740-B35A-4373-A255-403A8051228A}.Release|Any CPU.Build.0 = Release|Any CPU
	EndGlobalSection
	GlobalSection(SolutionProperties) = preSolution
		HideSolutionNode = FALSE
	EndGlobalSection
	GlobalSection(ExtensibilityGlobals) = postSolution
		SolutionGuid = {F28B01B7-6444-410A-84CD-033C24E72A37}
	EndGlobalSection
EndGlobal
